
Microsoft Visual Studio Solution File, Format Version 12.00
# Visual Studio Version 16
VisualStudioVersion = 16.0.30717.126
MinimumVisualStudioVersion = 10.0.40219.1
Project("{FAE04EC0-301F-11D3-BF4B-00C04F79EFBC}") = "LeetcodeQuestions", "LeetcodeQuestions\LeetcodeQuestions.csproj", "{CC918841-4EAF-4A84-A267-EE9E972EF960}"
EndProject
Project("{2150E333-8FDC-42A3-9474-1A3956D46DE8}") = "Easy", "Easy", "{A71D574A-7461-4BF5-9C13-4D53DD79EBE5}"
EndProject
Project("{2150E333-8FDC-42A3-9474-1A3956D46DE8}") = "Medium", "Medium", "{586BA3D8-2133-4DDC-B483-42B47AAC885B}"
EndProject
Project("{2150E333-8FDC-42A3-9474-1A3956D46DE8}") = "Hard", "Hard", "{3F1A667A-5020-48D3-BD08-1346F1CE04A7}"
EndProject
Project("{FAE04EC0-301F-11D3-BF4B-00C04F79EFBC}") = "TwoSum", "TwoSum\TwoSum.csproj", "{C09AF8E4-AD58-45EF-B9F1-9270F4A0E654}"
EndProject
Project("{2150E333-8FDC-42A3-9474-1A3956D46DE8}") = "HelperClassLibraries", "HelperClassLibraries", "{2B676739-27F2-4066-9DDF-857129C7C8F8}"
EndProject
Project("{FAE04EC0-301F-11D3-BF4B-00C04F79EFBC}") = "PalindromeNumber", "PalindromeNumber\PalindromeNumber.csproj", "{7CCFE453-D613-46CB-B8ED-DF260670BE8D}"
EndProject
Project("{FAE04EC0-301F-11D3-BF4B-00C04F79EFBC}") = "LCPrintClassLibrary", "LCPrintClassLibrary\LCPrintClassLibrary.csproj", "{29398101-05D2-4013-B8D7-825C905916BB}"
EndProject
Project("{FAE04EC0-301F-11D3-BF4B-00C04F79EFBC}") = "LCRandomClassLibrary", "LCRandomClassLibrary\LCRandomClassLibrary.csproj", "{CEE7B81A-15CA-4A33-ACBC-99EB3F6D9D24}"
EndProject
Project("{FAE04EC0-301F-11D3-BF4B-00C04F79EFBC}") = "LongestCommonPrefix", "LongestCommonPrefix\LongestCommonPrefix.csproj", "{4C5FF33C-00C5-457F-9BD6-30683748F5CE}"
EndProject
Project("{FAE04EC0-301F-11D3-BF4B-00C04F79EFBC}") = "ValidParentheses", "ValidParentheses\ValidParentheses.csproj", "{17A9F5EB-DB91-473B-A100-CFCC101052F8}"
EndProject
Project("{FAE04EC0-301F-11D3-BF4B-00C04F79EFBC}") = "RemoveElement", "RemoveElement\RemoveElement.csproj", "{8BA85330-B2B5-47EC-B220-C88C31B3CDA2}"
EndProject
Project("{FAE04EC0-301F-11D3-BF4B-00C04F79EFBC}") = "MaximumSubarray", "MaximumSubarray\MaximumSubarray.csproj", "{31B02D2A-6CE7-4801-B77C-AFF236EB2F6B}"
EndProject
Project("{FAE04EC0-301F-11D3-BF4B-00C04F79EFBC}") = "PlusOne", "PlusOne\PlusOne.csproj", "{80C2E603-145B-436A-8F27-17DEE8403F1B}"
EndProject
Project("{FAE04EC0-301F-11D3-BF4B-00C04F79EFBC}") = "ClimbingStairs", "ClimbingStairs\ClimbingStairs.csproj", "{D0996241-FD59-4E25-A13A-889461B9763B}"
EndProject
Project("{FAE04EC0-301F-11D3-BF4B-00C04F79EFBC}") = "ValidPalindrome", "ValidPalindrome\ValidPalindrome.csproj", "{2DEF5763-A667-4EEA-9BE7-4855B3030F1F}"
EndProject
Project("{FAE04EC0-301F-11D3-BF4B-00C04F79EFBC}") = "SingleNumber", "SingleNumber\SingleNumber.csproj", "{8B00D428-9229-4E08-843A-70E040787F02}"
EndProject
Project("{FAE04EC0-301F-11D3-BF4B-00C04F79EFBC}") = "MinStack", "MinStack\MinStack.csproj", "{E5230208-5592-4C59-9122-BC89B8C94544}"
EndProject
Project("{FAE04EC0-301F-11D3-BF4B-00C04F79EFBC}") = "MajorityElement", "MajorityElement\MajorityElement.csproj", "{8E1B0333-EA70-41BB-851B-EBF05F95E5BD}"
EndProject
Project("{FAE04EC0-301F-11D3-BF4B-00C04F79EFBC}") = "NumberOfOneBits", "NumberOfOneBits\NumberOfOneBits.csproj", "{4E09DE82-CD0F-4B42-906E-26B0D208B4AF}"
EndProject
Project("{FAE04EC0-301F-11D3-BF4B-00C04F79EFBC}") = "HappyNumber", "HappyNumber\HappyNumber.csproj", "{92E4AE32-9EE2-40E4-85B7-B0890AAFE6FC}"
EndProject
Project("{FAE04EC0-301F-11D3-BF4B-00C04F79EFBC}") = "ReversedLinkedList", "ReversedLinkedList\ReversedLinkedList.csproj", "{4F89C182-FCA4-4E7A-A2AF-7EB22702F48B}"
EndProject
Project("{FAE04EC0-301F-11D3-BF4B-00C04F79EFBC}") = "ContainsDuplicate", "ContainsDuplicate\ContainsDuplicate.csproj", "{9E6A396A-3280-4DF1-876C-A51A65B8A36A}"
EndProject
Project("{FAE04EC0-301F-11D3-BF4B-00C04F79EFBC}") = "DeleteNodeInALinkedList", "DeleteNodeInALinkedList\DeleteNodeInALinkedList.csproj", "{54D06EA7-E65F-4E3B-A2BF-44C798ECE764}"
EndProject
Project("{FAE04EC0-301F-11D3-BF4B-00C04F79EFBC}") = "ValidAnagram", "ValidAnagram\ValidAnagram.csproj", "{1A1529C2-2935-4529-AC23-72D5AD2B7241}"
EndProject
Project("{FAE04EC0-301F-11D3-BF4B-00C04F79EFBC}") = "MissingNumber", "MissingNumber\MissingNumber.csproj", "{230F85E2-B2EF-47FC-93B5-CCD3E9CCFA3B}"
EndProject
Project("{FAE04EC0-301F-11D3-BF4B-00C04F79EFBC}") = "MoveZeroes", "MoveZeroes\MoveZeroes.csproj", "{640B3E41-14F9-4B66-B2DC-3F125061E44F}"
EndProject
Project("{FAE04EC0-301F-11D3-BF4B-00C04F79EFBC}") = "WordPattern", "WordPattern\WordPattern.csproj", "{53D3119C-73E4-480D-97DD-D74E550BBFDF}"
EndProject
Project("{FAE04EC0-301F-11D3-BF4B-00C04F79EFBC}") = "ReverseString", "ReverseString\ReverseString.csproj", "{10695D6B-64E5-45F9-BAD9-32912D700F9F}"
EndProject
Project("{FAE04EC0-301F-11D3-BF4B-00C04F79EFBC}") = "RansomNote", "RansomNote\RansomNote.csproj", "{249072C6-CA9F-4A48-A4A6-1A2789721D53}"
EndProject
Project("{FAE04EC0-301F-11D3-BF4B-00C04F79EFBC}") = "FirstUniqueCharacterInAString", "FirstUniqueCharacterInAString\FirstUniqueCharacterInAString.csproj", "{F568D3AC-55D3-4864-8A8A-3EC0F7A73565}"
EndProject
Project("{FAE04EC0-301F-11D3-BF4B-00C04F79EFBC}") = "IsSubsequence", "IsSubsequence\IsSubsequence.csproj", "{719E0969-BDE5-4F48-8A9D-9CADADEB4A78}"
EndProject
Project("{FAE04EC0-301F-11D3-BF4B-00C04F79EFBC}") = "FizzBuzz", "FizzBuzz\FizzBuzz.csproj", "{180DA77E-C530-4E25-A483-1AE57CF71CDA}"
EndProject
Project("{FAE04EC0-301F-11D3-BF4B-00C04F79EFBC}") = "ThirdMaximumNumber", "ThirdMaximumNumber\ThirdMaximumNumber.csproj", "{D35B1BCB-BFA0-4F08-9C84-3A6319A55773}"
EndProject
Project("{FAE04EC0-301F-11D3-BF4B-00C04F79EFBC}") = "FibonacciNumber", "FibonacciNumber\FibonacciNumber.csproj", "{603CB708-8FA4-4C7A-87B8-3CB2F7E31BEE}"
EndProject
Project("{FAE04EC0-301F-11D3-BF4B-00C04F79EFBC}") = "CanPlaceFlowers", "CanPlaceFlowers\CanPlaceFlowers.csproj", "{4BD07F9F-E197-4154-A351-EC3693F2588D}"
EndProject
Project("{FAE04EC0-301F-11D3-BF4B-00C04F79EFBC}") = "LargestPerimeterTriangle", "LargestPerimeterTriangle\LargestPerimeterTriangle.csproj", "{4D6203DA-E98A-4A43-AC9C-59A1E5CE9E95}"
EndProject
Project("{FAE04EC0-301F-11D3-BF4B-00C04F79EFBC}") = "NthTribonacciNumber", "NthTribonacciNumber\NthTribonacciNumber.csproj", "{5BF3F92E-3E7E-4028-9AA3-1459C7D805CB}"
EndProject
Project("{FAE04EC0-301F-11D3-BF4B-00C04F79EFBC}") = "UniqueNumberOfOccurences", "UniqueNumberOfOccurences\UniqueNumberOfOccurences.csproj", "{CA2EA1FF-1EF6-45B8-9897-B313AEBE3372}"
EndProject
Project("{FAE04EC0-301F-11D3-BF4B-00C04F79EFBC}") = "AddTwoNumbers", "AddTwoNumbers\AddTwoNumbers.csproj", "{DCC544E9-E898-4A59-A905-369C6970A905}"
EndProject
Global
	GlobalSection(SolutionConfigurationPlatforms) = preSolution
		Debug|Any CPU = Debug|Any CPU
		Release|Any CPU = Release|Any CPU
	EndGlobalSection
	GlobalSection(ProjectConfigurationPlatforms) = postSolution
		{CC918841-4EAF-4A84-A267-EE9E972EF960}.Debug|Any CPU.ActiveCfg = Debug|Any CPU
		{CC918841-4EAF-4A84-A267-EE9E972EF960}.Debug|Any CPU.Build.0 = Debug|Any CPU
		{CC918841-4EAF-4A84-A267-EE9E972EF960}.Release|Any CPU.ActiveCfg = Release|Any CPU
		{CC918841-4EAF-4A84-A267-EE9E972EF960}.Release|Any CPU.Build.0 = Release|Any CPU
		{C09AF8E4-AD58-45EF-B9F1-9270F4A0E654}.Debug|Any CPU.ActiveCfg = Debug|Any CPU
		{C09AF8E4-AD58-45EF-B9F1-9270F4A0E654}.Debug|Any CPU.Build.0 = Debug|Any CPU
		{C09AF8E4-AD58-45EF-B9F1-9270F4A0E654}.Release|Any CPU.ActiveCfg = Release|Any CPU
		{C09AF8E4-AD58-45EF-B9F1-9270F4A0E654}.Release|Any CPU.Build.0 = Release|Any CPU
		{7CCFE453-D613-46CB-B8ED-DF260670BE8D}.Debug|Any CPU.ActiveCfg = Debug|Any CPU
		{7CCFE453-D613-46CB-B8ED-DF260670BE8D}.Debug|Any CPU.Build.0 = Debug|Any CPU
		{7CCFE453-D613-46CB-B8ED-DF260670BE8D}.Release|Any CPU.ActiveCfg = Release|Any CPU
		{7CCFE453-D613-46CB-B8ED-DF260670BE8D}.Release|Any CPU.Build.0 = Release|Any CPU
		{29398101-05D2-4013-B8D7-825C905916BB}.Debug|Any CPU.ActiveCfg = Debug|Any CPU
		{29398101-05D2-4013-B8D7-825C905916BB}.Debug|Any CPU.Build.0 = Debug|Any CPU
		{29398101-05D2-4013-B8D7-825C905916BB}.Release|Any CPU.ActiveCfg = Release|Any CPU
		{29398101-05D2-4013-B8D7-825C905916BB}.Release|Any CPU.Build.0 = Release|Any CPU
		{CEE7B81A-15CA-4A33-ACBC-99EB3F6D9D24}.Debug|Any CPU.ActiveCfg = Debug|Any CPU
		{CEE7B81A-15CA-4A33-ACBC-99EB3F6D9D24}.Debug|Any CPU.Build.0 = Debug|Any CPU
		{CEE7B81A-15CA-4A33-ACBC-99EB3F6D9D24}.Release|Any CPU.ActiveCfg = Release|Any CPU
		{CEE7B81A-15CA-4A33-ACBC-99EB3F6D9D24}.Release|Any CPU.Build.0 = Release|Any CPU
		{4C5FF33C-00C5-457F-9BD6-30683748F5CE}.Debug|Any CPU.ActiveCfg = Debug|Any CPU
		{4C5FF33C-00C5-457F-9BD6-30683748F5CE}.Debug|Any CPU.Build.0 = Debug|Any CPU
		{4C5FF33C-00C5-457F-9BD6-30683748F5CE}.Release|Any CPU.ActiveCfg = Release|Any CPU
		{4C5FF33C-00C5-457F-9BD6-30683748F5CE}.Release|Any CPU.Build.0 = Release|Any CPU
		{17A9F5EB-DB91-473B-A100-CFCC101052F8}.Debug|Any CPU.ActiveCfg = Debug|Any CPU
		{17A9F5EB-DB91-473B-A100-CFCC101052F8}.Debug|Any CPU.Build.0 = Debug|Any CPU
		{17A9F5EB-DB91-473B-A100-CFCC101052F8}.Release|Any CPU.ActiveCfg = Release|Any CPU
		{17A9F5EB-DB91-473B-A100-CFCC101052F8}.Release|Any CPU.Build.0 = Release|Any CPU
		{8BA85330-B2B5-47EC-B220-C88C31B3CDA2}.Debug|Any CPU.ActiveCfg = Debug|Any CPU
		{8BA85330-B2B5-47EC-B220-C88C31B3CDA2}.Debug|Any CPU.Build.0 = Debug|Any CPU
		{8BA85330-B2B5-47EC-B220-C88C31B3CDA2}.Release|Any CPU.ActiveCfg = Release|Any CPU
		{8BA85330-B2B5-47EC-B220-C88C31B3CDA2}.Release|Any CPU.Build.0 = Release|Any CPU
		{31B02D2A-6CE7-4801-B77C-AFF236EB2F6B}.Debug|Any CPU.ActiveCfg = Debug|Any CPU
		{31B02D2A-6CE7-4801-B77C-AFF236EB2F6B}.Debug|Any CPU.Build.0 = Debug|Any CPU
		{31B02D2A-6CE7-4801-B77C-AFF236EB2F6B}.Release|Any CPU.ActiveCfg = Release|Any CPU
		{31B02D2A-6CE7-4801-B77C-AFF236EB2F6B}.Release|Any CPU.Build.0 = Release|Any CPU
		{80C2E603-145B-436A-8F27-17DEE8403F1B}.Debug|Any CPU.ActiveCfg = Debug|Any CPU
		{80C2E603-145B-436A-8F27-17DEE8403F1B}.Debug|Any CPU.Build.0 = Debug|Any CPU
		{80C2E603-145B-436A-8F27-17DEE8403F1B}.Release|Any CPU.ActiveCfg = Release|Any CPU
		{80C2E603-145B-436A-8F27-17DEE8403F1B}.Release|Any CPU.Build.0 = Release|Any CPU
		{D0996241-FD59-4E25-A13A-889461B9763B}.Debug|Any CPU.ActiveCfg = Debug|Any CPU
		{D0996241-FD59-4E25-A13A-889461B9763B}.Debug|Any CPU.Build.0 = Debug|Any CPU
		{D0996241-FD59-4E25-A13A-889461B9763B}.Release|Any CPU.ActiveCfg = Release|Any CPU
		{D0996241-FD59-4E25-A13A-889461B9763B}.Release|Any CPU.Build.0 = Release|Any CPU
		{2DEF5763-A667-4EEA-9BE7-4855B3030F1F}.Debug|Any CPU.ActiveCfg = Debug|Any CPU
		{2DEF5763-A667-4EEA-9BE7-4855B3030F1F}.Debug|Any CPU.Build.0 = Debug|Any CPU
		{2DEF5763-A667-4EEA-9BE7-4855B3030F1F}.Release|Any CPU.ActiveCfg = Release|Any CPU
		{2DEF5763-A667-4EEA-9BE7-4855B3030F1F}.Release|Any CPU.Build.0 = Release|Any CPU
		{8B00D428-9229-4E08-843A-70E040787F02}.Debug|Any CPU.ActiveCfg = Debug|Any CPU
		{8B00D428-9229-4E08-843A-70E040787F02}.Debug|Any CPU.Build.0 = Debug|Any CPU
		{8B00D428-9229-4E08-843A-70E040787F02}.Release|Any CPU.ActiveCfg = Release|Any CPU
		{8B00D428-9229-4E08-843A-70E040787F02}.Release|Any CPU.Build.0 = Release|Any CPU
		{E5230208-5592-4C59-9122-BC89B8C94544}.Debug|Any CPU.ActiveCfg = Debug|Any CPU
		{E5230208-5592-4C59-9122-BC89B8C94544}.Debug|Any CPU.Build.0 = Debug|Any CPU
		{E5230208-5592-4C59-9122-BC89B8C94544}.Release|Any CPU.ActiveCfg = Release|Any CPU
		{E5230208-5592-4C59-9122-BC89B8C94544}.Release|Any CPU.Build.0 = Release|Any CPU
		{8E1B0333-EA70-41BB-851B-EBF05F95E5BD}.Debug|Any CPU.ActiveCfg = Debug|Any CPU
		{8E1B0333-EA70-41BB-851B-EBF05F95E5BD}.Debug|Any CPU.Build.0 = Debug|Any CPU
		{8E1B0333-EA70-41BB-851B-EBF05F95E5BD}.Release|Any CPU.ActiveCfg = Release|Any CPU
		{8E1B0333-EA70-41BB-851B-EBF05F95E5BD}.Release|Any CPU.Build.0 = Release|Any CPU
		{4E09DE82-CD0F-4B42-906E-26B0D208B4AF}.Debug|Any CPU.ActiveCfg = Debug|Any CPU
		{4E09DE82-CD0F-4B42-906E-26B0D208B4AF}.Debug|Any CPU.Build.0 = Debug|Any CPU
		{4E09DE82-CD0F-4B42-906E-26B0D208B4AF}.Release|Any CPU.ActiveCfg = Release|Any CPU
		{4E09DE82-CD0F-4B42-906E-26B0D208B4AF}.Release|Any CPU.Build.0 = Release|Any CPU
		{92E4AE32-9EE2-40E4-85B7-B0890AAFE6FC}.Debug|Any CPU.ActiveCfg = Debug|Any CPU
		{92E4AE32-9EE2-40E4-85B7-B0890AAFE6FC}.Debug|Any CPU.Build.0 = Debug|Any CPU
		{92E4AE32-9EE2-40E4-85B7-B0890AAFE6FC}.Release|Any CPU.ActiveCfg = Release|Any CPU
		{92E4AE32-9EE2-40E4-85B7-B0890AAFE6FC}.Release|Any CPU.Build.0 = Release|Any CPU
		{4F89C182-FCA4-4E7A-A2AF-7EB22702F48B}.Debug|Any CPU.ActiveCfg = Debug|Any CPU
		{4F89C182-FCA4-4E7A-A2AF-7EB22702F48B}.Debug|Any CPU.Build.0 = Debug|Any CPU
		{4F89C182-FCA4-4E7A-A2AF-7EB22702F48B}.Release|Any CPU.ActiveCfg = Release|Any CPU
		{4F89C182-FCA4-4E7A-A2AF-7EB22702F48B}.Release|Any CPU.Build.0 = Release|Any CPU
		{9E6A396A-3280-4DF1-876C-A51A65B8A36A}.Debug|Any CPU.ActiveCfg = Debug|Any CPU
		{9E6A396A-3280-4DF1-876C-A51A65B8A36A}.Debug|Any CPU.Build.0 = Debug|Any CPU
		{9E6A396A-3280-4DF1-876C-A51A65B8A36A}.Release|Any CPU.ActiveCfg = Release|Any CPU
		{9E6A396A-3280-4DF1-876C-A51A65B8A36A}.Release|Any CPU.Build.0 = Release|Any CPU
		{54D06EA7-E65F-4E3B-A2BF-44C798ECE764}.Debug|Any CPU.ActiveCfg = Debug|Any CPU
		{54D06EA7-E65F-4E3B-A2BF-44C798ECE764}.Debug|Any CPU.Build.0 = Debug|Any CPU
		{54D06EA7-E65F-4E3B-A2BF-44C798ECE764}.Release|Any CPU.ActiveCfg = Release|Any CPU
		{54D06EA7-E65F-4E3B-A2BF-44C798ECE764}.Release|Any CPU.Build.0 = Release|Any CPU
		{1A1529C2-2935-4529-AC23-72D5AD2B7241}.Debug|Any CPU.ActiveCfg = Debug|Any CPU
		{1A1529C2-2935-4529-AC23-72D5AD2B7241}.Debug|Any CPU.Build.0 = Debug|Any CPU
		{1A1529C2-2935-4529-AC23-72D5AD2B7241}.Release|Any CPU.ActiveCfg = Release|Any CPU
		{1A1529C2-2935-4529-AC23-72D5AD2B7241}.Release|Any CPU.Build.0 = Release|Any CPU
		{230F85E2-B2EF-47FC-93B5-CCD3E9CCFA3B}.Debug|Any CPU.ActiveCfg = Debug|Any CPU
		{230F85E2-B2EF-47FC-93B5-CCD3E9CCFA3B}.Debug|Any CPU.Build.0 = Debug|Any CPU
		{230F85E2-B2EF-47FC-93B5-CCD3E9CCFA3B}.Release|Any CPU.ActiveCfg = Release|Any CPU
		{230F85E2-B2EF-47FC-93B5-CCD3E9CCFA3B}.Release|Any CPU.Build.0 = Release|Any CPU
		{640B3E41-14F9-4B66-B2DC-3F125061E44F}.Debug|Any CPU.ActiveCfg = Debug|Any CPU
		{640B3E41-14F9-4B66-B2DC-3F125061E44F}.Debug|Any CPU.Build.0 = Debug|Any CPU
		{640B3E41-14F9-4B66-B2DC-3F125061E44F}.Release|Any CPU.ActiveCfg = Release|Any CPU
		{640B3E41-14F9-4B66-B2DC-3F125061E44F}.Release|Any CPU.Build.0 = Release|Any CPU
		{53D3119C-73E4-480D-97DD-D74E550BBFDF}.Debug|Any CPU.ActiveCfg = Debug|Any CPU
		{53D3119C-73E4-480D-97DD-D74E550BBFDF}.Debug|Any CPU.Build.0 = Debug|Any CPU
		{53D3119C-73E4-480D-97DD-D74E550BBFDF}.Release|Any CPU.ActiveCfg = Release|Any CPU
		{53D3119C-73E4-480D-97DD-D74E550BBFDF}.Release|Any CPU.Build.0 = Release|Any CPU
		{10695D6B-64E5-45F9-BAD9-32912D700F9F}.Debug|Any CPU.ActiveCfg = Debug|Any CPU
		{10695D6B-64E5-45F9-BAD9-32912D700F9F}.Debug|Any CPU.Build.0 = Debug|Any CPU
		{10695D6B-64E5-45F9-BAD9-32912D700F9F}.Release|Any CPU.ActiveCfg = Release|Any CPU
		{10695D6B-64E5-45F9-BAD9-32912D700F9F}.Release|Any CPU.Build.0 = Release|Any CPU
		{249072C6-CA9F-4A48-A4A6-1A2789721D53}.Debug|Any CPU.ActiveCfg = Debug|Any CPU
		{249072C6-CA9F-4A48-A4A6-1A2789721D53}.Debug|Any CPU.Build.0 = Debug|Any CPU
		{249072C6-CA9F-4A48-A4A6-1A2789721D53}.Release|Any CPU.ActiveCfg = Release|Any CPU
		{249072C6-CA9F-4A48-A4A6-1A2789721D53}.Release|Any CPU.Build.0 = Release|Any CPU
		{F568D3AC-55D3-4864-8A8A-3EC0F7A73565}.Debug|Any CPU.ActiveCfg = Debug|Any CPU
		{F568D3AC-55D3-4864-8A8A-3EC0F7A73565}.Debug|Any CPU.Build.0 = Debug|Any CPU
		{F568D3AC-55D3-4864-8A8A-3EC0F7A73565}.Release|Any CPU.ActiveCfg = Release|Any CPU
		{F568D3AC-55D3-4864-8A8A-3EC0F7A73565}.Release|Any CPU.Build.0 = Release|Any CPU
		{719E0969-BDE5-4F48-8A9D-9CADADEB4A78}.Debug|Any CPU.ActiveCfg = Debug|Any CPU
		{719E0969-BDE5-4F48-8A9D-9CADADEB4A78}.Debug|Any CPU.Build.0 = Debug|Any CPU
		{719E0969-BDE5-4F48-8A9D-9CADADEB4A78}.Release|Any CPU.ActiveCfg = Release|Any CPU
		{719E0969-BDE5-4F48-8A9D-9CADADEB4A78}.Release|Any CPU.Build.0 = Release|Any CPU
		{180DA77E-C530-4E25-A483-1AE57CF71CDA}.Debug|Any CPU.ActiveCfg = Debug|Any CPU
		{180DA77E-C530-4E25-A483-1AE57CF71CDA}.Debug|Any CPU.Build.0 = Debug|Any CPU
		{180DA77E-C530-4E25-A483-1AE57CF71CDA}.Release|Any CPU.ActiveCfg = Release|Any CPU
		{180DA77E-C530-4E25-A483-1AE57CF71CDA}.Release|Any CPU.Build.0 = Release|Any CPU
		{D35B1BCB-BFA0-4F08-9C84-3A6319A55773}.Debug|Any CPU.ActiveCfg = Debug|Any CPU
		{D35B1BCB-BFA0-4F08-9C84-3A6319A55773}.Debug|Any CPU.Build.0 = Debug|Any CPU
		{D35B1BCB-BFA0-4F08-9C84-3A6319A55773}.Release|Any CPU.ActiveCfg = Release|Any CPU
		{D35B1BCB-BFA0-4F08-9C84-3A6319A55773}.Release|Any CPU.Build.0 = Release|Any CPU
		{603CB708-8FA4-4C7A-87B8-3CB2F7E31BEE}.Debug|Any CPU.ActiveCfg = Debug|Any CPU
		{603CB708-8FA4-4C7A-87B8-3CB2F7E31BEE}.Debug|Any CPU.Build.0 = Debug|Any CPU
		{603CB708-8FA4-4C7A-87B8-3CB2F7E31BEE}.Release|Any CPU.ActiveCfg = Release|Any CPU
		{603CB708-8FA4-4C7A-87B8-3CB2F7E31BEE}.Release|Any CPU.Build.0 = Release|Any CPU
		{4BD07F9F-E197-4154-A351-EC3693F2588D}.Debug|Any CPU.ActiveCfg = Debug|Any CPU
		{4BD07F9F-E197-4154-A351-EC3693F2588D}.Debug|Any CPU.Build.0 = Debug|Any CPU
		{4BD07F9F-E197-4154-A351-EC3693F2588D}.Release|Any CPU.ActiveCfg = Release|Any CPU
		{4BD07F9F-E197-4154-A351-EC3693F2588D}.Release|Any CPU.Build.0 = Release|Any CPU
		{4D6203DA-E98A-4A43-AC9C-59A1E5CE9E95}.Debug|Any CPU.ActiveCfg = Debug|Any CPU
		{4D6203DA-E98A-4A43-AC9C-59A1E5CE9E95}.Debug|Any CPU.Build.0 = Debug|Any CPU
		{4D6203DA-E98A-4A43-AC9C-59A1E5CE9E95}.Release|Any CPU.ActiveCfg = Release|Any CPU
		{4D6203DA-E98A-4A43-AC9C-59A1E5CE9E95}.Release|Any CPU.Build.0 = Release|Any CPU
		{5BF3F92E-3E7E-4028-9AA3-1459C7D805CB}.Debug|Any CPU.ActiveCfg = Debug|Any CPU
		{5BF3F92E-3E7E-4028-9AA3-1459C7D805CB}.Debug|Any CPU.Build.0 = Debug|Any CPU
		{5BF3F92E-3E7E-4028-9AA3-1459C7D805CB}.Release|Any CPU.ActiveCfg = Release|Any CPU
		{5BF3F92E-3E7E-4028-9AA3-1459C7D805CB}.Release|Any CPU.Build.0 = Release|Any CPU
		{CA2EA1FF-1EF6-45B8-9897-B313AEBE3372}.Debug|Any CPU.ActiveCfg = Debug|Any CPU
		{CA2EA1FF-1EF6-45B8-9897-B313AEBE3372}.Debug|Any CPU.Build.0 = Debug|Any CPU
		{CA2EA1FF-1EF6-45B8-9897-B313AEBE3372}.Release|Any CPU.ActiveCfg = Release|Any CPU
		{CA2EA1FF-1EF6-45B8-9897-B313AEBE3372}.Release|Any CPU.Build.0 = Release|Any CPU
		{DCC544E9-E898-4A59-A905-369C6970A905}.Debug|Any CPU.ActiveCfg = Debug|Any CPU
		{DCC544E9-E898-4A59-A905-369C6970A905}.Debug|Any CPU.Build.0 = Debug|Any CPU
		{DCC544E9-E898-4A59-A905-369C6970A905}.Release|Any CPU.ActiveCfg = Release|Any CPU
		{DCC544E9-E898-4A59-A905-369C6970A905}.Release|Any CPU.Build.0 = Release|Any CPU
	EndGlobalSection
	GlobalSection(SolutionProperties) = preSolution
		HideSolutionNode = FALSE
	EndGlobalSection
	GlobalSection(NestedProjects) = preSolution
		{C09AF8E4-AD58-45EF-B9F1-9270F4A0E654} = {A71D574A-7461-4BF5-9C13-4D53DD79EBE5}
		{7CCFE453-D613-46CB-B8ED-DF260670BE8D} = {A71D574A-7461-4BF5-9C13-4D53DD79EBE5}
		{29398101-05D2-4013-B8D7-825C905916BB} = {2B676739-27F2-4066-9DDF-857129C7C8F8}
		{CEE7B81A-15CA-4A33-ACBC-99EB3F6D9D24} = {2B676739-27F2-4066-9DDF-857129C7C8F8}
		{4C5FF33C-00C5-457F-9BD6-30683748F5CE} = {A71D574A-7461-4BF5-9C13-4D53DD79EBE5}
		{17A9F5EB-DB91-473B-A100-CFCC101052F8} = {A71D574A-7461-4BF5-9C13-4D53DD79EBE5}
		{8BA85330-B2B5-47EC-B220-C88C31B3CDA2} = {A71D574A-7461-4BF5-9C13-4D53DD79EBE5}
		{31B02D2A-6CE7-4801-B77C-AFF236EB2F6B} = {A71D574A-7461-4BF5-9C13-4D53DD79EBE5}
		{80C2E603-145B-436A-8F27-17DEE8403F1B} = {A71D574A-7461-4BF5-9C13-4D53DD79EBE5}
		{D0996241-FD59-4E25-A13A-889461B9763B} = {A71D574A-7461-4BF5-9C13-4D53DD79EBE5}
		{2DEF5763-A667-4EEA-9BE7-4855B3030F1F} = {A71D574A-7461-4BF5-9C13-4D53DD79EBE5}
		{8B00D428-9229-4E08-843A-70E040787F02} = {A71D574A-7461-4BF5-9C13-4D53DD79EBE5}
		{E5230208-5592-4C59-9122-BC89B8C94544} = {A71D574A-7461-4BF5-9C13-4D53DD79EBE5}
		{8E1B0333-EA70-41BB-851B-EBF05F95E5BD} = {A71D574A-7461-4BF5-9C13-4D53DD79EBE5}
		{4E09DE82-CD0F-4B42-906E-26B0D208B4AF} = {A71D574A-7461-4BF5-9C13-4D53DD79EBE5}
		{92E4AE32-9EE2-40E4-85B7-B0890AAFE6FC} = {A71D574A-7461-4BF5-9C13-4D53DD79EBE5}
		{4F89C182-FCA4-4E7A-A2AF-7EB22702F48B} = {A71D574A-7461-4BF5-9C13-4D53DD79EBE5}
		{9E6A396A-3280-4DF1-876C-A51A65B8A36A} = {A71D574A-7461-4BF5-9C13-4D53DD79EBE5}
		{54D06EA7-E65F-4E3B-A2BF-44C798ECE764} = {A71D574A-7461-4BF5-9C13-4D53DD79EBE5}
		{1A1529C2-2935-4529-AC23-72D5AD2B7241} = {A71D574A-7461-4BF5-9C13-4D53DD79EBE5}
		{230F85E2-B2EF-47FC-93B5-CCD3E9CCFA3B} = {A71D574A-7461-4BF5-9C13-4D53DD79EBE5}
		{640B3E41-14F9-4B66-B2DC-3F125061E44F} = {A71D574A-7461-4BF5-9C13-4D53DD79EBE5}
		{53D3119C-73E4-480D-97DD-D74E550BBFDF} = {A71D574A-7461-4BF5-9C13-4D53DD79EBE5}
		{10695D6B-64E5-45F9-BAD9-32912D700F9F} = {A71D574A-7461-4BF5-9C13-4D53DD79EBE5}
		{249072C6-CA9F-4A48-A4A6-1A2789721D53} = {A71D574A-7461-4BF5-9C13-4D53DD79EBE5}
		{F568D3AC-55D3-4864-8A8A-3EC0F7A73565} = {A71D574A-7461-4BF5-9C13-4D53DD79EBE5}
		{719E0969-BDE5-4F48-8A9D-9CADADEB4A78} = {A71D574A-7461-4BF5-9C13-4D53DD79EBE5}
		{180DA77E-C530-4E25-A483-1AE57CF71CDA} = {A71D574A-7461-4BF5-9C13-4D53DD79EBE5}
		{D35B1BCB-BFA0-4F08-9C84-3A6319A55773} = {A71D574A-7461-4BF5-9C13-4D53DD79EBE5}
		{603CB708-8FA4-4C7A-87B8-3CB2F7E31BEE} = {A71D574A-7461-4BF5-9C13-4D53DD79EBE5}
		{4BD07F9F-E197-4154-A351-EC3693F2588D} = {A71D574A-7461-4BF5-9C13-4D53DD79EBE5}
		{4D6203DA-E98A-4A43-AC9C-59A1E5CE9E95} = {A71D574A-7461-4BF5-9C13-4D53DD79EBE5}
		{5BF3F92E-3E7E-4028-9AA3-1459C7D805CB} = {A71D574A-7461-4BF5-9C13-4D53DD79EBE5}
		{CA2EA1FF-1EF6-45B8-9897-B313AEBE3372} = {A71D574A-7461-4BF5-9C13-4D53DD79EBE5}
		{DCC544E9-E898-4A59-A905-369C6970A905} = {586BA3D8-2133-4DDC-B483-42B47AAC885B}
	EndGlobalSection
	GlobalSection(ExtensibilityGlobals) = postSolution
		SolutionGuid = {D994A711-4F78-4969-ABEB-AE336D08D700}
	EndGlobalSection
EndGlobal
